
Microsoft Visual Studio Solution File, Format Version 12.00
# Visual Studio 15
VisualStudioVersion = 15.0.28307.1169
MinimumVisualStudioVersion = 10.0.40219.1
Project("{159641D6-6404-4A2A-AE62-294DE0FE8301}") = "DufryHub_PO", "DufryHub_PO\DufryHub_PO.dtproj", "{7AD9FC06-2D20-467F-98C9-629AEC72650E}"
EndProject
Global
	GlobalSection(SolutionConfigurationPlatforms) = preSolution
		Development|Default = Development|Default
	EndGlobalSection
	GlobalSection(ProjectConfigurationPlatforms) = postSolution
		{7AD9FC06-2D20-467F-98C9-629AEC72650E}.Development|Default.ActiveCfg = Development
		{7AD9FC06-2D20-467F-98C9-629AEC72650E}.Development|Default.Build.0 = Development
	EndGlobalSection
	GlobalSection(SolutionProperties) = preSolution
		HideSolutionNode = FALSE
	EndGlobalSection
	GlobalSection(ExtensibilityGlobals) = postSolution
		SolutionGuid = {16488A52-2114-4EC0-8423-93D870582417}
	EndGlobalSection
EndGlobal
